
Microsoft Visual Studio Solution File, Format Version 12.00
# Visual Studio Version 17
VisualStudioVersion = 17.11.35312.102
MinimumVisualStudioVersion = 10.0.40219.1
Project("{FAE04EC0-301F-11D3-BF4B-00C04F79EFBC}") = "Quanlysinhvien", "Quanlysinhvien\Quanlysinhvien.csproj", "{2E4EA909-A9C8-4C18-8B29-999B96422D34}"
EndProject
Global
	GlobalSection(SolutionConfigurationPlatforms) = preSolution
		Debug|Any CPU = Debug|Any CPU
		Release|Any CPU = Release|Any CPU
	EndGlobalSection
	GlobalSection(ProjectConfigurationPlatforms) = postSolution
		{2E4EA909-A9C8-4C18-8B29-999B96422D34}.Debug|Any CPU.ActiveCfg = Debug|Any CPU
		{2E4EA909-A9C8-4C18-8B29-999B96422D34}.Debug|Any CPU.Build.0 = Debug|Any CPU
		{2E4EA909-A9C8-4C18-8B29-999B96422D34}.Release|Any CPU.ActiveCfg = Release|Any CPU
		{2E4EA909-A9C8-4C18-8B29-999B96422D34}.Release|Any CPU.Build.0 = Release|Any CPU
	EndGlobalSection
	GlobalSection(SolutionProperties) = preSolution
		HideSolutionNode = FALSE
	EndGlobalSection
	GlobalSection(ExtensibilityGlobals) = postSolution
		SolutionGuid = {3989B516-587F-4354-9213-F661444FA290}
	EndGlobalSection
EndGlobal
